
Microsoft Visual Studio Solution File, Format Version 12.00
# Visual Studio Version 16
VisualStudioVersion = 16.0.808.4
MinimumVisualStudioVersion = 10.0.40219.1
Project("{FAE04EC0-301F-11D3-BF4B-00C04F79EFBC}") = "DSA_CS", "DSA_CS.csproj", "{22755214-ED89-410C-B5D5-148F0A918E00}"
EndProject
Global
	GlobalSection(SolutionConfigurationPlatforms) = preSolution
		Debug|Any CPU = Debug|Any CPU
		Release|Any CPU = Release|Any CPU
	EndGlobalSection
	GlobalSection(ProjectConfigurationPlatforms) = postSolution
		{22755214-ED89-410C-B5D5-148F0A918E00}.Debug|Any CPU.ActiveCfg = Debug|Any CPU
		{22755214-ED89-410C-B5D5-148F0A918E00}.Debug|Any CPU.Build.0 = Debug|Any CPU
		{22755214-ED89-410C-B5D5-148F0A918E00}.Release|Any CPU.ActiveCfg = Release|Any CPU
		{22755214-ED89-410C-B5D5-148F0A918E00}.Release|Any CPU.Build.0 = Release|Any CPU
	EndGlobalSection
	GlobalSection(SolutionProperties) = preSolution
		HideSolutionNode = FALSE
	EndGlobalSection
	GlobalSection(ExtensibilityGlobals) = postSolution
		SolutionGuid = {ECEA8B70-8D00-42D3-B004-4DA1AC1B9CF7}
	EndGlobalSection
EndGlobal
